// !$*UTF8*$!
{
	archiveVersion = 1;
	classes = {
	};
	objectVersion = 56;
	objects = {

/* Begin PBXBuildFile section */
		890E29E429C9BFA400C848CA /* GoogleService-Info.plist in Resources */ = {isa = PBXBuildFile; fileRef = 890E29E329C9BFA400C848CA /* GoogleService-Info.plist */; };
		890E29E929C9DFDC00C848CA /* ISS.usdz in Resources */ = {isa = PBXBuildFile; fileRef = 890E29E829C9DFDC00C848CA /* ISS.usdz */; };
		890E29EB29C9F59A00C848CA /* Earth.usdz in Resources */ = {isa = PBXBuildFile; fileRef = 890E29EA29C9F59A00C848CA /* Earth.usdz */; };
		890E29ED29CAFB2000C848CA /* IssSceneView.swift in Sources */ = {isa = PBXBuildFile; fileRef = 890E29EC29CAFB2000C848CA /* IssSceneView.swift */; };
		890E29EF29CB029B00C848CA /* EarthSceneView.swift in Sources */ = {isa = PBXBuildFile; fileRef = 890E29EE29CB029B00C848CA /* EarthSceneView.swift */; };
		890E29F129CC870600C848CA /* LocationMapView.swift in Sources */ = {isa = PBXBuildFile; fileRef = 890E29F029CC870600C848CA /* LocationMapView.swift */; };
		890E29F329CC918600C848CA /* ISSLocationViewModel.swift in Sources */ = {isa = PBXBuildFile; fileRef = 890E29F229CC918600C848CA /* ISSLocationViewModel.swift */; };
		89AA581F29DA5E4F001E487B /* MapAnnotationItem.swift in Sources */ = {isa = PBXBuildFile; fileRef = 89AA581E29DA5E4F001E487B /* MapAnnotationItem.swift */; };
		89AB901D29D572BA00531A31 /* MKPointAnnotationWithID.swift in Sources */ = {isa = PBXBuildFile; fileRef = 89AB901C29D572BA00531A31 /* MKPointAnnotationWithID.swift */; };
		89B5791A29ACAEDC0021A0C1 /* MainView.swift in Sources */ = {isa = PBXBuildFile; fileRef = 89B5791929ACAEDC0021A0C1 /* MainView.swift */; };
		89B5791C29ACB1230021A0C1 /* AuthProtocoll.swift in Sources */ = {isa = PBXBuildFile; fileRef = 89B5791B29ACB1230021A0C1 /* AuthProtocoll.swift */; };
		89B5792029ACC89B0021A0C1 /* ISSApi.swift in Sources */ = {isa = PBXBuildFile; fileRef = 89B5791F29ACC89B0021A0C1 /* ISSApi.swift */; };
		89B5792529ACE49D0021A0C1 /* Position.swift in Sources */ = {isa = PBXBuildFile; fileRef = 89B5792429ACE49D0021A0C1 /* Position.swift */; };
		89B5792729ACE4E50021A0C1 /* ISSPosition.swift in Sources */ = {isa = PBXBuildFile; fileRef = 89B5792629ACE4E50021A0C1 /* ISSPosition.swift */; };
		89C9979829A75C2900E53615 /* SpaceLoginView.swift in Sources */ = {isa = PBXBuildFile; fileRef = 89C9979729A75C2900E53615 /* SpaceLoginView.swift */; };
		89C9979A29A75CFF00E53615 /* AuthViewModel.swift in Sources */ = {isa = PBXBuildFile; fileRef = 89C9979929A75CFF00E53615 /* AuthViewModel.swift */; };
		89C997A229A768BA00E53615 /* FirebaseAnalytics in Frameworks */ = {isa = PBXBuildFile; productRef = 89C997A129A768BA00E53615 /* FirebaseAnalytics */; };
		89C997A429A768BA00E53615 /* FirebaseAnalyticsOnDeviceConversion in Frameworks */ = {isa = PBXBuildFile; productRef = 89C997A329A768BA00E53615 /* FirebaseAnalyticsOnDeviceConversion */; };
		89C997A629A768BA00E53615 /* FirebaseAnalyticsSwift in Frameworks */ = {isa = PBXBuildFile; productRef = 89C997A529A768BA00E53615 /* FirebaseAnalyticsSwift */; };
		89C997A829A768BA00E53615 /* FirebaseAnalyticsWithoutAdIdSupport in Frameworks */ = {isa = PBXBuildFile; productRef = 89C997A729A768BA00E53615 /* FirebaseAnalyticsWithoutAdIdSupport */; };
		89C997AA29A768BA00E53615 /* FirebaseAppCheck in Frameworks */ = {isa = PBXBuildFile; productRef = 89C997A929A768BA00E53615 /* FirebaseAppCheck */; };
		89C997AC29A768BA00E53615 /* FirebaseAppDistribution-Beta in Frameworks */ = {isa = PBXBuildFile; productRef = 89C997AB29A768BA00E53615 /* FirebaseAppDistribution-Beta */; };
		89C997AE29A768BA00E53615 /* FirebaseAuth in Frameworks */ = {isa = PBXBuildFile; productRef = 89C997AD29A768BA00E53615 /* FirebaseAuth */; };
		89C997B029A768BA00E53615 /* FirebaseAuthCombine-Community in Frameworks */ = {isa = PBXBuildFile; productRef = 89C997AF29A768BA00E53615 /* FirebaseAuthCombine-Community */; };
		89C997B229A768BA00E53615 /* FirebaseCrashlytics in Frameworks */ = {isa = PBXBuildFile; productRef = 89C997B129A768BA00E53615 /* FirebaseCrashlytics */; };
		89C997B429A768BA00E53615 /* FirebaseDatabase in Frameworks */ = {isa = PBXBuildFile; productRef = 89C997B329A768BA00E53615 /* FirebaseDatabase */; };
		89C997B629A768BA00E53615 /* FirebaseDatabaseSwift in Frameworks */ = {isa = PBXBuildFile; productRef = 89C997B529A768BA00E53615 /* FirebaseDatabaseSwift */; };
		89C997B829A768BA00E53615 /* FirebaseDynamicLinks in Frameworks */ = {isa = PBXBuildFile; productRef = 89C997B729A768BA00E53615 /* FirebaseDynamicLinks */; };
		89C997BA29A768BA00E53615 /* FirebaseFirestore in Frameworks */ = {isa = PBXBuildFile; productRef = 89C997B929A768BA00E53615 /* FirebaseFirestore */; };
		89C997BC29A768BA00E53615 /* FirebaseFirestoreCombine-Community in Frameworks */ = {isa = PBXBuildFile; productRef = 89C997BB29A768BA00E53615 /* FirebaseFirestoreCombine-Community */; };
		89C997BE29A768BA00E53615 /* FirebaseFirestoreSwift in Frameworks */ = {isa = PBXBuildFile; productRef = 89C997BD29A768BA00E53615 /* FirebaseFirestoreSwift */; };
		89C997C029A768BA00E53615 /* FirebaseFunctions in Frameworks */ = {isa = PBXBuildFile; productRef = 89C997BF29A768BA00E53615 /* FirebaseFunctions */; };
		89C997C229A768BA00E53615 /* FirebaseFunctionsCombine-Community in Frameworks */ = {isa = PBXBuildFile; productRef = 89C997C129A768BA00E53615 /* FirebaseFunctionsCombine-Community */; };
		89C997C429A768BA00E53615 /* FirebaseInAppMessaging-Beta in Frameworks */ = {isa = PBXBuildFile; productRef = 89C997C329A768BA00E53615 /* FirebaseInAppMessaging-Beta */; };
		89C997C629A768BA00E53615 /* FirebaseInAppMessagingSwift-Beta in Frameworks */ = {isa = PBXBuildFile; productRef = 89C997C529A768BA00E53615 /* FirebaseInAppMessagingSwift-Beta */; };
		89C997C829A768BA00E53615 /* FirebaseInstallations in Frameworks */ = {isa = PBXBuildFile; productRef = 89C997C729A768BA00E53615 /* FirebaseInstallations */; };
		89C997CA29A768BA00E53615 /* FirebaseMLModelDownloader in Frameworks */ = {isa = PBXBuildFile; productRef = 89C997C929A768BA00E53615 /* FirebaseMLModelDownloader */; };
		89C997CC29A768BA00E53615 /* FirebaseMessaging in Frameworks */ = {isa = PBXBuildFile; productRef = 89C997CB29A768BA00E53615 /* FirebaseMessaging */; };
		89C997CE29A768BA00E53615 /* FirebasePerformance in Frameworks */ = {isa = PBXBuildFile; productRef = 89C997CD29A768BA00E53615 /* FirebasePerformance */; };
		89C997D029A768BA00E53615 /* FirebaseRemoteConfig in Frameworks */ = {isa = PBXBuildFile; productRef = 89C997CF29A768BA00E53615 /* FirebaseRemoteConfig */; };
		89C997D229A768BA00E53615 /* FirebaseRemoteConfigSwift in Frameworks */ = {isa = PBXBuildFile; productRef = 89C997D129A768BA00E53615 /* FirebaseRemoteConfigSwift */; };
		89C997D429A768BA00E53615 /* FirebaseStorage in Frameworks */ = {isa = PBXBuildFile; productRef = 89C997D329A768BA00E53615 /* FirebaseStorage */; };
		89C997D629A768BA00E53615 /* FirebaseStorageCombine-Community in Frameworks */ = {isa = PBXBuildFile; productRef = 89C997D529A768BA00E53615 /* FirebaseStorageCombine-Community */; };
		89C997D929A8B01F00E53615 /* RegistrationView.swift in Sources */ = {isa = PBXBuildFile; fileRef = 89C997D829A8B01F00E53615 /* RegistrationView.swift */; };
		89C997DC29A8B19100E53615 /* FireStoreAuthService.swift in Sources */ = {isa = PBXBuildFile; fileRef = 89C997DB29A8B19100E53615 /* FireStoreAuthService.swift */; };
		89CFDEC629C469A400E784A5 /* AuthService.swift in Sources */ = {isa = PBXBuildFile; fileRef = 89CFDEC529C469A400E784A5 /* AuthService.swift */; };
		89E2B4C829A36E8300FBD710 /* ISStrackerApp.swift in Sources */ = {isa = PBXBuildFile; fileRef = 89E2B4C729A36E8300FBD710 /* ISStrackerApp.swift */; };
		89E2B4CA29A36E8300FBD710 /* ContentView.swift in Sources */ = {isa = PBXBuildFile; fileRef = 89E2B4C929A36E8300FBD710 /* ContentView.swift */; };
		89E2B4CC29A36E8400FBD710 /* Assets.xcassets in Resources */ = {isa = PBXBuildFile; fileRef = 89E2B4CB29A36E8400FBD710 /* Assets.xcassets */; };
		89E2B4CF29A36E8400FBD710 /* Preview Assets.xcassets in Resources */ = {isa = PBXBuildFile; fileRef = 89E2B4CE29A36E8400FBD710 /* Preview Assets.xcassets */; };
/* End PBXBuildFile section */

/* Begin PBXFileReference section */
		890E29E329C9BFA400C848CA /* GoogleService-Info.plist */ = {isa = PBXFileReference; fileEncoding = 4; lastKnownFileType = text.plist.xml; name = "GoogleService-Info.plist"; path = "../../../Downloads/GoogleService-Info.plist"; sourceTree = "<group>"; };
		890E29E829C9DFDC00C848CA /* ISS.usdz */ = {isa = PBXFileReference; lastKnownFileType = file.usdz; name = ISS.usdz; path = ../../../../Downloads/ISS.usdz; sourceTree = "<group>"; };
		890E29EA29C9F59A00C848CA /* Earth.usdz */ = {isa = PBXFileReference; lastKnownFileType = file.usdz; name = Earth.usdz; path = ../../../../Downloads/Earth.usdz; sourceTree = "<group>"; };
		890E29EC29CAFB2000C848CA /* IssSceneView.swift */ = {isa = PBXFileReference; lastKnownFileType = sourcecode.swift; path = IssSceneView.swift; sourceTree = "<group>"; };
		890E29EE29CB029B00C848CA /* EarthSceneView.swift */ = {isa = PBXFileReference; lastKnownFileType = sourcecode.swift; path = EarthSceneView.swift; sourceTree = "<group>"; };
		890E29F029CC870600C848CA /* LocationMapView.swift */ = {isa = PBXFileReference; lastKnownFileType = sourcecode.swift; path = LocationMapView.swift; sourceTree = "<group>"; };
		890E29F229CC918600C848CA /* ISSLocationViewModel.swift */ = {isa = PBXFileReference; lastKnownFileType = sourcecode.swift; path = ISSLocationViewModel.swift; sourceTree = "<group>"; };
		890E29F429CDBA3C00C848CA /* Info.plist */ = {isa = PBXFileReference; lastKnownFileType = text.plist; path = Info.plist; sourceTree = "<group>"; };
		89AA581E29DA5E4F001E487B /* MapAnnotationItem.swift */ = {isa = PBXFileReference; lastKnownFileType = sourcecode.swift; path = MapAnnotationItem.swift; sourceTree = "<group>"; };
		89AB901C29D572BA00531A31 /* MKPointAnnotationWithID.swift */ = {isa = PBXFileReference; lastKnownFileType = sourcecode.swift; path = MKPointAnnotationWithID.swift; sourceTree = "<group>"; };
		89B5791929ACAEDC0021A0C1 /* MainView.swift */ = {isa = PBXFileReference; lastKnownFileType = sourcecode.swift; path = MainView.swift; sourceTree = "<group>"; };
		89B5791B29ACB1230021A0C1 /* AuthProtocoll.swift */ = {isa = PBXFileReference; lastKnownFileType = sourcecode.swift; path = AuthProtocoll.swift; sourceTree = "<group>"; };
		89B5791F29ACC89B0021A0C1 /* ISSApi.swift */ = {isa = PBXFileReference; lastKnownFileType = sourcecode.swift; path = ISSApi.swift; sourceTree = "<group>"; };
		89B5792429ACE49D0021A0C1 /* Position.swift */ = {isa = PBXFileReference; lastKnownFileType = sourcecode.swift; path = Position.swift; sourceTree = "<group>"; };
		89B5792629ACE4E50021A0C1 /* ISSPosition.swift */ = {isa = PBXFileReference; lastKnownFileType = sourcecode.swift; path = ISSPosition.swift; sourceTree = "<group>"; };
		89C9979729A75C2900E53615 /* SpaceLoginView.swift */ = {isa = PBXFileReference; lastKnownFileType = sourcecode.swift; path = SpaceLoginView.swift; sourceTree = "<group>"; };
		89C9979929A75CFF00E53615 /* AuthViewModel.swift */ = {isa = PBXFileReference; lastKnownFileType = sourcecode.swift; path = AuthViewModel.swift; sourceTree = "<group>"; };
		89C997D729A8AA9800E53615 /* ISStracker.entitlements */ = {isa = PBXFileReference; lastKnownFileType = text.plist.entitlements; path = ISStracker.entitlements; sourceTree = "<group>"; };
		89C997D829A8B01F00E53615 /* RegistrationView.swift */ = {isa = PBXFileReference; lastKnownFileType = sourcecode.swift; path = RegistrationView.swift; sourceTree = "<group>"; };
		89C997DB29A8B19100E53615 /* FireStoreAuthService.swift */ = {isa = PBXFileReference; lastKnownFileType = sourcecode.swift; path = FireStoreAuthService.swift; sourceTree = "<group>"; };
		89CFDEC529C469A400E784A5 /* AuthService.swift */ = {isa = PBXFileReference; lastKnownFileType = sourcecode.swift; path = AuthService.swift; sourceTree = "<group>"; };
		89E2B4C429A36E8300FBD710 /* ISStracker.app */ = {isa = PBXFileReference; explicitFileType = wrapper.application; includeInIndex = 0; path = ISStracker.app; sourceTree = BUILT_PRODUCTS_DIR; };
		89E2B4C729A36E8300FBD710 /* ISStrackerApp.swift */ = {isa = PBXFileReference; lastKnownFileType = sourcecode.swift; path = ISStrackerApp.swift; sourceTree = "<group>"; };
		89E2B4C929A36E8300FBD710 /* ContentView.swift */ = {isa = PBXFileReference; lastKnownFileType = sourcecode.swift; path = ContentView.swift; sourceTree = "<group>"; };
		89E2B4CB29A36E8400FBD710 /* Assets.xcassets */ = {isa = PBXFileReference; lastKnownFileType = folder.assetcatalog; path = Assets.xcassets; sourceTree = "<group>"; };
		89E2B4CE29A36E8400FBD710 /* Preview Assets.xcassets */ = {isa = PBXFileReference; lastKnownFileType = folder.assetcatalog; path = "Preview Assets.xcassets"; sourceTree = "<group>"; };
/* End PBXFileReference section */

/* Begin PBXFrameworksBuildPhase section */
		89E2B4C129A36E8300FBD710 /* Frameworks */ = {
			isa = PBXFrameworksBuildPhase;
			buildActionMask = 2147483647;
			files = (
				89C997B429A768BA00E53615 /* FirebaseDatabase in Frameworks */,
				89C997C229A768BA00E53615 /* FirebaseFunctionsCombine-Community in Frameworks */,
				89C997BA29A768BA00E53615 /* FirebaseFirestore in Frameworks */,
				89C997A629A768BA00E53615 /* FirebaseAnalyticsSwift in Frameworks */,
				89C997A229A768BA00E53615 /* FirebaseAnalytics in Frameworks */,
				89C997A429A768BA00E53615 /* FirebaseAnalyticsOnDeviceConversion in Frameworks */,
				89C997CA29A768BA00E53615 /* FirebaseMLModelDownloader in Frameworks */,
				89C997BE29A768BA00E53615 /* FirebaseFirestoreSwift in Frameworks */,
				89C997AA29A768BA00E53615 /* FirebaseAppCheck in Frameworks */,
				89C997A829A768BA00E53615 /* FirebaseAnalyticsWithoutAdIdSupport in Frameworks */,
				89C997AE29A768BA00E53615 /* FirebaseAuth in Frameworks */,
				89C997B229A768BA00E53615 /* FirebaseCrashlytics in Frameworks */,
				89C997D229A768BA00E53615 /* FirebaseRemoteConfigSwift in Frameworks */,
				89C997C429A768BA00E53615 /* FirebaseInAppMessaging-Beta in Frameworks */,
				89C997B629A768BA00E53615 /* FirebaseDatabaseSwift in Frameworks */,
				89C997C029A768BA00E53615 /* FirebaseFunctions in Frameworks */,
				89C997D629A768BA00E53615 /* FirebaseStorageCombine-Community in Frameworks */,
				89C997D029A768BA00E53615 /* FirebaseRemoteConfig in Frameworks */,
				89C997AC29A768BA00E53615 /* FirebaseAppDistribution-Beta in Frameworks */,
				89C997B029A768BA00E53615 /* FirebaseAuthCombine-Community in Frameworks */,
				89C997CE29A768BA00E53615 /* FirebasePerformance in Frameworks */,
				89C997C629A768BA00E53615 /* FirebaseInAppMessagingSwift-Beta in Frameworks */,
				89C997D429A768BA00E53615 /* FirebaseStorage in Frameworks */,
				89C997B829A768BA00E53615 /* FirebaseDynamicLinks in Frameworks */,
				89C997BC29A768BA00E53615 /* FirebaseFirestoreCombine-Community in Frameworks */,
				89C997CC29A768BA00E53615 /* FirebaseMessaging in Frameworks */,
				89C997C829A768BA00E53615 /* FirebaseInstallations in Frameworks */,
			);
			runOnlyForDeploymentPostprocessing = 0;
		};
/* End PBXFrameworksBuildPhase section */

/* Begin PBXGroup section */
		890E29E529C9C32800C848CA /* 3DModels */ = {
			isa = PBXGroup;
			children = (
				890E29EA29C9F59A00C848CA /* Earth.usdz */,
				890E29E829C9DFDC00C848CA /* ISS.usdz */,
				890E29EC29CAFB2000C848CA /* IssSceneView.swift */,
				890E29EE29CB029B00C848CA /* EarthSceneView.swift */,
			);
			path = 3DModels;
			sourceTree = "<group>";
		};
		89AB901B29D5728A00531A31 /* Services */ = {
			isa = PBXGroup;
			children = (
				89AB901C29D572BA00531A31 /* MKPointAnnotationWithID.swift */,
				89AA581E29DA5E4F001E487B /* MapAnnotationItem.swift */,
			);
			path = Services;
			sourceTree = "<group>";
		};
		89B5791D29ACC7B60021A0C1 /* ServiceImpl */ = {
			isa = PBXGroup;
			children = (
				89C997DB29A8B19100E53615 /* FireStoreAuthService.swift */,
			);
			name = ServiceImpl;
			path = "ServiceImpöl";
			sourceTree = "<group>";
		};
		89B5791E29ACC8050021A0C1 /* API */ = {
			isa = PBXGroup;
			children = (
				89B5792129ACC8B90021A0C1 /* APIimpl */,
				89B5791F29ACC89B0021A0C1 /* ISSApi.swift */,
			);
			path = API;
			sourceTree = "<group>";
		};
		89B5792129ACC8B90021A0C1 /* APIimpl */ = {
			isa = PBXGroup;
			children = (
			);
			path = APIimpl;
			sourceTree = "<group>";
		};
		89C997DA29A8B16700E53615 /* Repository */ = {
			isa = PBXGroup;
			children = (
				89CFDEC429C4662C00E784A5 /* ServiceProtocol */,
				89B5791D29ACC7B60021A0C1 /* ServiceImpl */,
				89CFDEC529C469A400E784A5 /* AuthService.swift */,
			);
			path = Repository;
			sourceTree = "<group>";
		};
		89CFDEC429C4662C00E784A5 /* ServiceProtocol */ = {
			isa = PBXGroup;
			children = (
				89B5791B29ACB1230021A0C1 /* AuthProtocoll.swift */,
			);
			path = ServiceProtocol;
			sourceTree = "<group>";
		};
		89E2B4BB29A36E8300FBD710 = {
			isa = PBXGroup;
			children = (
				89E2B4C629A36E8300FBD710 /* ISStracker */,
				89E2B4C529A36E8300FBD710 /* Products */,
			);
			sourceTree = "<group>";
		};
		89E2B4C529A36E8300FBD710 /* Products */ = {
			isa = PBXGroup;
			children = (
				89E2B4C429A36E8300FBD710 /* ISStracker.app */,
			);
			name = Products;
			sourceTree = "<group>";
		};
		89E2B4C629A36E8300FBD710 /* ISStracker */ = {
			isa = PBXGroup;
			children = (
				89AB901B29D5728A00531A31 /* Services */,
				890E29F429CDBA3C00C848CA /* Info.plist */,
				890E29E529C9C32800C848CA /* 3DModels */,
				890E29E329C9BFA400C848CA /* GoogleService-Info.plist */,
				89B5791E29ACC8050021A0C1 /* API */,
				89C997DA29A8B16700E53615 /* Repository */,
				89C997D729A8AA9800E53615 /* ISStracker.entitlements */,
				89E2B4D729A374E000FBD710 /* ViewModel */,
				89E2B4D629A374D500FBD710 /* Model */,
				89E2B4D529A374CA00FBD710 /* View */,
				89E2B4C729A36E8300FBD710 /* ISStrackerApp.swift */,
				89E2B4C929A36E8300FBD710 /* ContentView.swift */,
				89E2B4CB29A36E8400FBD710 /* Assets.xcassets */,
				89E2B4CD29A36E8400FBD710 /* Preview Content */,
			);
			path = ISStracker;
			sourceTree = "<group>";
		};
		89E2B4CD29A36E8400FBD710 /* Preview Content */ = {
			isa = PBXGroup;
			children = (
				89E2B4CE29A36E8400FBD710 /* Preview Assets.xcassets */,
			);
			path = "Preview Content";
			sourceTree = "<group>";
		};
		89E2B4D529A374CA00FBD710 /* View */ = {
			isa = PBXGroup;
			children = (
				89C9979729A75C2900E53615 /* SpaceLoginView.swift */,
				89C997D829A8B01F00E53615 /* RegistrationView.swift */,
				89B5791929ACAEDC0021A0C1 /* MainView.swift */,
				890E29F029CC870600C848CA /* LocationMapView.swift */,
			);
			path = View;
			sourceTree = "<group>";
		};
		89E2B4D629A374D500FBD710 /* Model */ = {
			isa = PBXGroup;
			children = (
				89B5792429ACE49D0021A0C1 /* Position.swift */,
				89B5792629ACE4E50021A0C1 /* ISSPosition.swift */,
			);
			path = Model;
			sourceTree = "<group>";
		};
		89E2B4D729A374E000FBD710 /* ViewModel */ = {
			isa = PBXGroup;
			children = (
				89C9979929A75CFF00E53615 /* AuthViewModel.swift */,
				890E29F229CC918600C848CA /* ISSLocationViewModel.swift */,
			);
			path = ViewModel;
			sourceTree = "<group>";
		};
/* End PBXGroup section */

/* Begin PBXNativeTarget section */
		89E2B4C329A36E8300FBD710 /* ISStracker */ = {
			isa = PBXNativeTarget;
			buildConfigurationList = 89E2B4D229A36E8400FBD710 /* Build configuration list for PBXNativeTarget "ISStracker" */;
			buildPhases = (
				89E2B4C029A36E8300FBD710 /* Sources */,
				89E2B4C129A36E8300FBD710 /* Frameworks */,
				89E2B4C229A36E8300FBD710 /* Resources */,
			);
			buildRules = (
			);
			dependencies = (
			);
			name = ISStracker;
			packageProductDependencies = (
				89C997A129A768BA00E53615 /* FirebaseAnalytics */,
				89C997A329A768BA00E53615 /* FirebaseAnalyticsOnDeviceConversion */,
				89C997A529A768BA00E53615 /* FirebaseAnalyticsSwift */,
				89C997A729A768BA00E53615 /* FirebaseAnalyticsWithoutAdIdSupport */,
				89C997A929A768BA00E53615 /* FirebaseAppCheck */,
				89C997AB29A768BA00E53615 /* FirebaseAppDistribution-Beta */,
				89C997AD29A768BA00E53615 /* FirebaseAuth */,
				89C997AF29A768BA00E53615 /* FirebaseAuthCombine-Community */,
				89C997B129A768BA00E53615 /* FirebaseCrashlytics */,
				89C997B329A768BA00E53615 /* FirebaseDatabase */,
				89C997B529A768BA00E53615 /* FirebaseDatabaseSwift */,
				89C997B729A768BA00E53615 /* FirebaseDynamicLinks */,
				89C997B929A768BA00E53615 /* FirebaseFirestore */,
				89C997BB29A768BA00E53615 /* FirebaseFirestoreCombine-Community */,
				89C997BD29A768BA00E53615 /* FirebaseFirestoreSwift */,
				89C997BF29A768BA00E53615 /* FirebaseFunctions */,
				89C997C129A768BA00E53615 /* FirebaseFunctionsCombine-Community */,
				89C997C329A768BA00E53615 /* FirebaseInAppMessaging-Beta */,
				89C997C529A768BA00E53615 /* FirebaseInAppMessagingSwift-Beta */,
				89C997C729A768BA00E53615 /* FirebaseInstallations */,
				89C997C929A768BA00E53615 /* FirebaseMLModelDownloader */,
				89C997CB29A768BA00E53615 /* FirebaseMessaging */,
				89C997CD29A768BA00E53615 /* FirebasePerformance */,
				89C997CF29A768BA00E53615 /* FirebaseRemoteConfig */,
				89C997D129A768BA00E53615 /* FirebaseRemoteConfigSwift */,
				89C997D329A768BA00E53615 /* FirebaseStorage */,
				89C997D529A768BA00E53615 /* FirebaseStorageCombine-Community */,
			);
			productName = ISStracker;
			productReference = 89E2B4C429A36E8300FBD710 /* ISStracker.app */;
			productType = "com.apple.product-type.application";
		};
/* End PBXNativeTarget section */

/* Begin PBXProject section */
		89E2B4BC29A36E8300FBD710 /* Project object */ = {
			isa = PBXProject;
			attributes = {
				BuildIndependentTargetsInParallel = 1;
				LastSwiftUpdateCheck = 1420;
				LastUpgradeCheck = 1420;
				TargetAttributes = {
					89E2B4C329A36E8300FBD710 = {
						CreatedOnToolsVersion = 14.2;
					};
				};
			};
			buildConfigurationList = 89E2B4BF29A36E8300FBD710 /* Build configuration list for PBXProject "ISStracker" */;
			compatibilityVersion = "Xcode 14.0";
			developmentRegion = en;
			hasScannedForEncodings = 0;
			knownRegions = (
				en,
				Base,
			);
			mainGroup = 89E2B4BB29A36E8300FBD710;
			packageReferences = (
				89C997A029A768BA00E53615 /* XCRemoteSwiftPackageReference "firebase-ios-sdk" */,
			);
			productRefGroup = 89E2B4C529A36E8300FBD710 /* Products */;
			projectDirPath = "";
			projectRoot = "";
			targets = (
				89E2B4C329A36E8300FBD710 /* ISStracker */,
			);
		};
/* End PBXProject section */

/* Begin PBXResourcesBuildPhase section */
		89E2B4C229A36E8300FBD710 /* Resources */ = {
			isa = PBXResourcesBuildPhase;
			buildActionMask = 2147483647;
			files = (
				89E2B4CF29A36E8400FBD710 /* Preview Assets.xcassets in Resources */,
				890E29EB29C9F59A00C848CA /* Earth.usdz in Resources */,
				89E2B4CC29A36E8400FBD710 /* Assets.xcassets in Resources */,
				890E29E429C9BFA400C848CA /* GoogleService-Info.plist in Resources */,
				890E29E929C9DFDC00C848CA /* ISS.usdz in Resources */,
			);
			runOnlyForDeploymentPostprocessing = 0;
		};
/* End PBXResourcesBuildPhase section */

/* Begin PBXSourcesBuildPhase section */
		89E2B4C029A36E8300FBD710 /* Sources */ = {
			isa = PBXSourcesBuildPhase;
			buildActionMask = 2147483647;
			files = (
				89AA581F29DA5E4F001E487B /* MapAnnotationItem.swift in Sources */,
				890E29EF29CB029B00C848CA /* EarthSceneView.swift in Sources */,
				89E2B4CA29A36E8300FBD710 /* ContentView.swift in Sources */,
				890E29F129CC870600C848CA /* LocationMapView.swift in Sources */,
				89B5791A29ACAEDC0021A0C1 /* MainView.swift in Sources */,
				89B5792729ACE4E50021A0C1 /* ISSPosition.swift in Sources */,
				890E29F329CC918600C848CA /* ISSLocationViewModel.swift in Sources */,
				89C9979829A75C2900E53615 /* SpaceLoginView.swift in Sources */,
				89E2B4C829A36E8300FBD710 /* ISStrackerApp.swift in Sources */,
				890E29ED29CAFB2000C848CA /* IssSceneView.swift in Sources */,
				89C997DC29A8B19100E53615 /* FireStoreAuthService.swift in Sources */,
				89CFDEC629C469A400E784A5 /* AuthService.swift in Sources */,
				89C9979A29A75CFF00E53615 /* AuthViewModel.swift in Sources */,
				89C997D929A8B01F00E53615 /* RegistrationView.swift in Sources */,
				89AB901D29D572BA00531A31 /* MKPointAnnotationWithID.swift in Sources */,
				89B5792029ACC89B0021A0C1 /* ISSApi.swift in Sources */,
				89B5792529ACE49D0021A0C1 /* Position.swift in Sources */,
				89B5791C29ACB1230021A0C1 /* AuthProtocoll.swift in Sources */,
			);
			runOnlyForDeploymentPostprocessing = 0;
		};
/* End PBXSourcesBuildPhase section */

/* Begin XCBuildConfiguration section */
		89E2B4D029A36E8400FBD710 /* Debug */ = {
			isa = XCBuildConfiguration;
			buildSettings = {
				ALWAYS_SEARCH_USER_PATHS = NO;
				CLANG_ANALYZER_NONNULL = YES;
				CLANG_ANALYZER_NUMBER_OBJECT_CONVERSION = YES_AGGRESSIVE;
				CLANG_CXX_LANGUAGE_STANDARD = "gnu++20";
				CLANG_ENABLE_MODULES = YES;
				CLANG_ENABLE_OBJC_ARC = YES;
				CLANG_ENABLE_OBJC_WEAK = YES;
				CLANG_WARN_BLOCK_CAPTURE_AUTORELEASING = YES;
				CLANG_WARN_BOOL_CONVERSION = YES;
				CLANG_WARN_COMMA = YES;
				CLANG_WARN_CONSTANT_CONVERSION = YES;
				CLANG_WARN_DEPRECATED_OBJC_IMPLEMENTATIONS = YES;
				CLANG_WARN_DIRECT_OBJC_ISA_USAGE = YES_ERROR;
				CLANG_WARN_DOCUMENTATION_COMMENTS = YES;
				CLANG_WARN_EMPTY_BODY = YES;
				CLANG_WARN_ENUM_CONVERSION = YES;
				CLANG_WARN_INFINITE_RECURSION = YES;
				CLANG_WARN_INT_CONVERSION = YES;
				CLANG_WARN_NON_LITERAL_NULL_CONVERSION = YES;
				CLANG_WARN_OBJC_IMPLICIT_RETAIN_SELF = YES;
				CLANG_WARN_OBJC_LITERAL_CONVERSION = YES;
				CLANG_WARN_OBJC_ROOT_CLASS = YES_ERROR;
				CLANG_WARN_QUOTED_INCLUDE_IN_FRAMEWORK_HEADER = YES;
				CLANG_WARN_RANGE_LOOP_ANALYSIS = YES;
				CLANG_WARN_STRICT_PROTOTYPES = YES;
				CLANG_WARN_SUSPICIOUS_MOVE = YES;
				CLANG_WARN_UNGUARDED_AVAILABILITY = YES_AGGRESSIVE;
				CLANG_WARN_UNREACHABLE_CODE = YES;
				CLANG_WARN__DUPLICATE_METHOD_MATCH = YES;
				COPY_PHASE_STRIP = NO;
				DEBUG_INFORMATION_FORMAT = dwarf;
				ENABLE_STRICT_OBJC_MSGSEND = YES;
				ENABLE_TESTABILITY = YES;
				GCC_C_LANGUAGE_STANDARD = gnu11;
				GCC_DYNAMIC_NO_PIC = NO;
				GCC_NO_COMMON_BLOCKS = YES;
				GCC_OPTIMIZATION_LEVEL = 0;
				GCC_PREPROCESSOR_DEFINITIONS = (
					"DEBUG=1",
					"$(inherited)",
				);
				GCC_WARN_64_TO_32_BIT_CONVERSION = YES;
				GCC_WARN_ABOUT_RETURN_TYPE = YES_ERROR;
				GCC_WARN_UNDECLARED_SELECTOR = YES;
				GCC_WARN_UNINITIALIZED_AUTOS = YES_AGGRESSIVE;
				GCC_WARN_UNUSED_FUNCTION = YES;
				GCC_WARN_UNUSED_VARIABLE = YES;
				IPHONEOS_DEPLOYMENT_TARGET = 16.2;
				MTL_ENABLE_DEBUG_INFO = INCLUDE_SOURCE;
				MTL_FAST_MATH = YES;
				ONLY_ACTIVE_ARCH = YES;
				SDKROOT = iphoneos;
				SWIFT_ACTIVE_COMPILATION_CONDITIONS = DEBUG;
				SWIFT_OPTIMIZATION_LEVEL = "-Onone";
			};
			name = Debug;
		};
		89E2B4D129A36E8400FBD710 /* Release */ = {
			isa = XCBuildConfiguration;
			buildSettings = {
				ALWAYS_SEARCH_USER_PATHS = NO;
				CLANG_ANALYZER_NONNULL = YES;
				CLANG_ANALYZER_NUMBER_OBJECT_CONVERSION = YES_AGGRESSIVE;
				CLANG_CXX_LANGUAGE_STANDARD = "gnu++20";
				CLANG_ENABLE_MODULES = YES;
				CLANG_ENABLE_OBJC_ARC = YES;
				CLANG_ENABLE_OBJC_WEAK = YES;
				CLANG_WARN_BLOCK_CAPTURE_AUTORELEASING = YES;
				CLANG_WARN_BOOL_CONVERSION = YES;
				CLANG_WARN_COMMA = YES;
				CLANG_WARN_CONSTANT_CONVERSION = YES;
				CLANG_WARN_DEPRECATED_OBJC_IMPLEMENTATIONS = YES;
				CLANG_WARN_DIRECT_OBJC_ISA_USAGE = YES_ERROR;
				CLANG_WARN_DOCUMENTATION_COMMENTS = YES;
				CLANG_WARN_EMPTY_BODY = YES;
				CLANG_WARN_ENUM_CONVERSION = YES;
				CLANG_WARN_INFINITE_RECURSION = YES;
				CLANG_WARN_INT_CONVERSION = YES;
				CLANG_WARN_NON_LITERAL_NULL_CONVERSION = YES;
				CLANG_WARN_OBJC_IMPLICIT_RETAIN_SELF = YES;
				CLANG_WARN_OBJC_LITERAL_CONVERSION = YES;
				CLANG_WARN_OBJC_ROOT_CLASS = YES_ERROR;
				CLANG_WARN_QUOTED_INCLUDE_IN_FRAMEWORK_HEADER = YES;
				CLANG_WARN_RANGE_LOOP_ANALYSIS = YES;
				CLANG_WARN_STRICT_PROTOTYPES = YES;
				CLANG_WARN_SUSPICIOUS_MOVE = YES;
				CLANG_WARN_UNGUARDED_AVAILABILITY = YES_AGGRESSIVE;
				CLANG_WARN_UNREACHABLE_CODE = YES;
				CLANG_WARN__DUPLICATE_METHOD_MATCH = YES;
				COPY_PHASE_STRIP = NO;
				DEBUG_INFORMATION_FORMAT = "dwarf-with-dsym";
				ENABLE_NS_ASSERTIONS = NO;
				ENABLE_STRICT_OBJC_MSGSEND = YES;
				GCC_C_LANGUAGE_STANDARD = gnu11;
				GCC_NO_COMMON_BLOCKS = YES;
				GCC_WARN_64_TO_32_BIT_CONVERSION = YES;
				GCC_WARN_ABOUT_RETURN_TYPE = YES_ERROR;
				GCC_WARN_UNDECLARED_SELECTOR = YES;
				GCC_WARN_UNINITIALIZED_AUTOS = YES_AGGRESSIVE;
				GCC_WARN_UNUSED_FUNCTION = YES;
				GCC_WARN_UNUSED_VARIABLE = YES;
				IPHONEOS_DEPLOYMENT_TARGET = 16.2;
				MTL_ENABLE_DEBUG_INFO = NO;
				MTL_FAST_MATH = YES;
				SDKROOT = iphoneos;
				SWIFT_COMPILATION_MODE = wholemodule;
				SWIFT_OPTIMIZATION_LEVEL = "-O";
				VALIDATE_PRODUCT = YES;
			};
			name = Release;
		};
		89E2B4D329A36E8400FBD710 /* Debug */ = {
			isa = XCBuildConfiguration;
			buildSettings = {
				ASSETCATALOG_COMPILER_APPICON_NAME = AppIcon;
				ASSETCATALOG_COMPILER_GLOBAL_ACCENT_COLOR_NAME = AccentColor;
				CODE_SIGN_ENTITLEMENTS = ISStracker/ISStracker.entitlements;
				CODE_SIGN_STYLE = Automatic;
				CURRENT_PROJECT_VERSION = 1;
				DEBUG_INFORMATION_FORMAT = "dwarf-with-dsym";
				DEVELOPMENT_ASSET_PATHS = "\"ISStracker/Preview Content\"";
				ENABLE_PREVIEWS = YES;
				GENERATE_INFOPLIST_FILE = YES;
				INFOPLIST_FILE = ISStracker/Info.plist;
				INFOPLIST_KEY_UIApplicationSceneManifest_Generation = YES;
				INFOPLIST_KEY_UIApplicationSupportsIndirectInputEvents = YES;
				INFOPLIST_KEY_UILaunchScreen_Generation = YES;
				INFOPLIST_KEY_UISupportedInterfaceOrientations_iPad = "UIInterfaceOrientationPortrait UIInterfaceOrientationPortraitUpsideDown UIInterfaceOrientationLandscapeLeft UIInterfaceOrientationLandscapeRight";
				INFOPLIST_KEY_UISupportedInterfaceOrientations_iPhone = "UIInterfaceOrientationPortrait UIInterfaceOrientationLandscapeLeft UIInterfaceOrientationLandscapeRight";
				LD_RUNPATH_SEARCH_PATHS = (
					"$(inherited)",
					"@executable_path/Frameworks",
				);
				MARKETING_VERSION = 1.0;
				PRODUCT_BUNDLE_IDENTIFIER = com.example.ISStracker;
				PRODUCT_NAME = "$(TARGET_NAME)";
				SWIFT_EMIT_LOC_STRINGS = YES;
				SWIFT_VERSION = 5.0;
				TARGETED_DEVICE_FAMILY = "1,2";
			};
			name = Debug;
		};
		89E2B4D429A36E8400FBD710 /* Release */ = {
			isa = XCBuildConfiguration;
			buildSettings = {
				ASSETCATALOG_COMPILER_APPICON_NAME = AppIcon;
				ASSETCATALOG_COMPILER_GLOBAL_ACCENT_COLOR_NAME = AccentColor;
				CODE_SIGN_ENTITLEMENTS = ISStracker/ISStracker.entitlements;
				CODE_SIGN_STYLE = Automatic;
				CURRENT_PROJECT_VERSION = 1;
				DEVELOPMENT_ASSET_PATHS = "\"ISStracker/Preview Content\"";
				ENABLE_PREVIEWS = YES;
				GENERATE_INFOPLIST_FILE = YES;
				INFOPLIST_FILE = ISStracker/Info.plist;
				INFOPLIST_KEY_UIApplicationSceneManifest_Generation = YES;
				INFOPLIST_KEY_UIApplicationSupportsIndirectInputEvents = YES;
				INFOPLIST_KEY_UILaunchScreen_Generation = YES;
				INFOPLIST_KEY_UISupportedInterfaceOrientations_iPad = "UIInterfaceOrientationPortrait UIInterfaceOrientationPortraitUpsideDown UIInterfaceOrientationLandscapeLeft UIInterfaceOrientationLandscapeRight";
				INFOPLIST_KEY_UISupportedInterfaceOrientations_iPhone = "UIInterfaceOrientationPortrait UIInterfaceOrientationLandscapeLeft UIInterfaceOrientationLandscapeRight";
				LD_RUNPATH_SEARCH_PATHS = (
					"$(inherited)",
					"@executable_path/Frameworks",
				);
				MARKETING_VERSION = 1.0;
				PRODUCT_BUNDLE_IDENTIFIER = com.example.ISStracker;
				PRODUCT_NAME = "$(TARGET_NAME)";
				SWIFT_EMIT_LOC_STRINGS = YES;
				SWIFT_VERSION = 5.0;
				TARGETED_DEVICE_FAMILY = "1,2";
			};
			name = Release;
		};
/* End XCBuildConfiguration section */

/* Begin XCConfigurationList section */
		89E2B4BF29A36E8300FBD710 /* Build configuration list for PBXProject "ISStracker" */ = {
			isa = XCConfigurationList;
			buildConfigurations = (
				89E2B4D029A36E8400FBD710 /* Debug */,
				89E2B4D129A36E8400FBD710 /* Release */,
			);
			defaultConfigurationIsVisible = 0;
			defaultConfigurationName = Release;
		};
		89E2B4D229A36E8400FBD710 /* Build configuration list for PBXNativeTarget "ISStracker" */ = {
			isa = XCConfigurationList;
			buildConfigurations = (
				89E2B4D329A36E8400FBD710 /* Debug */,
				89E2B4D429A36E8400FBD710 /* Release */,
			);
			defaultConfigurationIsVisible = 0;
			defaultConfigurationName = Release;
		};
/* End XCConfigurationList section */

/* Begin XCRemoteSwiftPackageReference section */
		89C997A029A768BA00E53615 /* XCRemoteSwiftPackageReference "firebase-ios-sdk" */ = {
			isa = XCRemoteSwiftPackageReference;
			repositoryURL = "https://github.com/firebase/firebase-ios-sdk.git";
			requirement = {
				kind = upToNextMajorVersion;
				minimumVersion = 9.0.0;
			};
		};
/* End XCRemoteSwiftPackageReference section */

/* Begin XCSwiftPackageProductDependency section */
		89C997A129A768BA00E53615 /* FirebaseAnalytics */ = {
			isa = XCSwiftPackageProductDependency;
			package = 89C997A029A768BA00E53615 /* XCRemoteSwiftPackageReference "firebase-ios-sdk" */;
			productName = FirebaseAnalytics;
		};
		89C997A329A768BA00E53615 /* FirebaseAnalyticsOnDeviceConversion */ = {
			isa = XCSwiftPackageProductDependency;
			package = 89C997A029A768BA00E53615 /* XCRemoteSwiftPackageReference "firebase-ios-sdk" */;
			productName = FirebaseAnalyticsOnDeviceConversion;
		};
		89C997A529A768BA00E53615 /* FirebaseAnalyticsSwift */ = {
			isa = XCSwiftPackageProductDependency;
			package = 89C997A029A768BA00E53615 /* XCRemoteSwiftPackageReference "firebase-ios-sdk" */;
			productName = FirebaseAnalyticsSwift;
		};
		89C997A729A768BA00E53615 /* FirebaseAnalyticsWithoutAdIdSupport */ = {
			isa = XCSwiftPackageProductDependency;
			package = 89C997A029A768BA00E53615 /* XCRemoteSwiftPackageReference "firebase-ios-sdk" */;
			productName = FirebaseAnalyticsWithoutAdIdSupport;
		};
		89C997A929A768BA00E53615 /* FirebaseAppCheck */ = {
			isa = XCSwiftPackageProductDependency;
			package = 89C997A029A768BA00E53615 /* XCRemoteSwiftPackageReference "firebase-ios-sdk" */;
			productName = FirebaseAppCheck;
		};
		89C997AB29A768BA00E53615 /* FirebaseAppDistribution-Beta */ = {
			isa = XCSwiftPackageProductDependency;
			package = 89C997A029A768BA00E53615 /* XCRemoteSwiftPackageReference "firebase-ios-sdk" */;
			productName = "FirebaseAppDistribution-Beta";
		};
		89C997AD29A768BA00E53615 /* FirebaseAuth */ = {
			isa = XCSwiftPackageProductDependency;
			package = 89C997A029A768BA00E53615 /* XCRemoteSwiftPackageReference "firebase-ios-sdk" */;
			productName = FirebaseAuth;
		};
		89C997AF29A768BA00E53615 /* FirebaseAuthCombine-Community */ = {
			isa = XCSwiftPackageProductDependency;
			package = 89C997A029A768BA00E53615 /* XCRemoteSwiftPackageReference "firebase-ios-sdk" */;
			productName = "FirebaseAuthCombine-Community";
		};
		89C997B129A768BA00E53615 /* FirebaseCrashlytics */ = {
			isa = XCSwiftPackageProductDependency;
			package = 89C997A029A768BA00E53615 /* XCRemoteSwiftPackageReference "firebase-ios-sdk" */;
			productName = FirebaseCrashlytics;
		};
		89C997B329A768BA00E53615 /* FirebaseDatabase */ = {
			isa = XCSwiftPackageProductDependency;
			package = 89C997A029A768BA00E53615 /* XCRemoteSwiftPackageReference "firebase-ios-sdk" */;
			productName = FirebaseDatabase;
		};
		89C997B529A768BA00E53615 /* FirebaseDatabaseSwift */ = {
			isa = XCSwiftPackageProductDependency;
			package = 89C997A029A768BA00E53615 /* XCRemoteSwiftPackageReference "firebase-ios-sdk" */;
			productName = FirebaseDatabaseSwift;
		};
		89C997B729A768BA00E53615 /* FirebaseDynamicLinks */ = {
			isa = XCSwiftPackageProductDependency;
			package = 89C997A029A768BA00E53615 /* XCRemoteSwiftPackageReference "firebase-ios-sdk" */;
			productName = FirebaseDynamicLinks;
		};
		89C997B929A768BA00E53615 /* FirebaseFirestore */ = {
			isa = XCSwiftPackageProductDependency;
			package = 89C997A029A768BA00E53615 /* XCRemoteSwiftPackageReference "firebase-ios-sdk" */;
			productName = FirebaseFirestore;
		};
		89C997BB29A768BA00E53615 /* FirebaseFirestoreCombine-Community */ = {
			isa = XCSwiftPackageProductDependency;
			package = 89C997A029A768BA00E53615 /* XCRemoteSwiftPackageReference "firebase-ios-sdk" */;
			productName = "FirebaseFirestoreCombine-Community";
		};
		89C997BD29A768BA00E53615 /* FirebaseFirestoreSwift */ = {
			isa = XCSwiftPackageProductDependency;
			package = 89C997A029A768BA00E53615 /* XCRemoteSwiftPackageReference "firebase-ios-sdk" */;
			productName = FirebaseFirestoreSwift;
		};
		89C997BF29A768BA00E53615 /* FirebaseFunctions */ = {
			isa = XCSwiftPackageProductDependency;
			package = 89C997A029A768BA00E53615 /* XCRemoteSwiftPackageReference "firebase-ios-sdk" */;
			productName = FirebaseFunctions;
		};
		89C997C129A768BA00E53615 /* FirebaseFunctionsCombine-Community */ = {
			isa = XCSwiftPackageProductDependency;
			package = 89C997A029A768BA00E53615 /* XCRemoteSwiftPackageReference "firebase-ios-sdk" */;
			productName = "FirebaseFunctionsCombine-Community";
		};
		89C997C329A768BA00E53615 /* FirebaseInAppMessaging-Beta */ = {
			isa = XCSwiftPackageProductDependency;
			package = 89C997A029A768BA00E53615 /* XCRemoteSwiftPackageReference "firebase-ios-sdk" */;
			productName = "FirebaseInAppMessaging-Beta";
		};
		89C997C529A768BA00E53615 /* FirebaseInAppMessagingSwift-Beta */ = {
			isa = XCSwiftPackageProductDependency;
			package = 89C997A029A768BA00E53615 /* XCRemoteSwiftPackageReference "firebase-ios-sdk" */;
			productName = "FirebaseInAppMessagingSwift-Beta";
		};
		89C997C729A768BA00E53615 /* FirebaseInstallations */ = {
			isa = XCSwiftPackageProductDependency;
			package = 89C997A029A768BA00E53615 /* XCRemoteSwiftPackageReference "firebase-ios-sdk" */;
			productName = FirebaseInstallations;
		};
		89C997C929A768BA00E53615 /* FirebaseMLModelDownloader */ = {
			isa = XCSwiftPackageProductDependency;
			package = 89C997A029A768BA00E53615 /* XCRemoteSwiftPackageReference "firebase-ios-sdk" */;
			productName = FirebaseMLModelDownloader;
		};
		89C997CB29A768BA00E53615 /* FirebaseMessaging */ = {
			isa = XCSwiftPackageProductDependency;
			package = 89C997A029A768BA00E53615 /* XCRemoteSwiftPackageReference "firebase-ios-sdk" */;
			productName = FirebaseMessaging;
		};
		89C997CD29A768BA00E53615 /* FirebasePerformance */ = {
			isa = XCSwiftPackageProductDependency;
			package = 89C997A029A768BA00E53615 /* XCRemoteSwiftPackageReference "firebase-ios-sdk" */;
			productName = FirebasePerformance;
		};
		89C997CF29A768BA00E53615 /* FirebaseRemoteConfig */ = {
			isa = XCSwiftPackageProductDependency;
			package = 89C997A029A768BA00E53615 /* XCRemoteSwiftPackageReference "firebase-ios-sdk" */;
			productName = FirebaseRemoteConfig;
		};
		89C997D129A768BA00E53615 /* FirebaseRemoteConfigSwift */ = {
			isa = XCSwiftPackageProductDependency;
			package = 89C997A029A768BA00E53615 /* XCRemoteSwiftPackageReference "firebase-ios-sdk" */;
			productName = FirebaseRemoteConfigSwift;
		};
		89C997D329A768BA00E53615 /* FirebaseStorage */ = {
			isa = XCSwiftPackageProductDependency;
			package = 89C997A029A768BA00E53615 /* XCRemoteSwiftPackageReference "firebase-ios-sdk" */;
			productName = FirebaseStorage;
		};
		89C997D529A768BA00E53615 /* FirebaseStorageCombine-Community */ = {
			isa = XCSwiftPackageProductDependency;
			package = 89C997A029A768BA00E53615 /* XCRemoteSwiftPackageReference "firebase-ios-sdk" */;
			productName = "FirebaseStorageCombine-Community";
		};
/* End XCSwiftPackageProductDependency section */
	};
	rootObject = 89E2B4BC29A36E8300FBD710 /* Project object */;
}
